{
  "name": "js",
  "lockfileVersion": 2,
  "requires": true,
  "packages": {
    "": {
      "dependencies": {
        "es-module-shims": "^1.3.6",
        "three": "^0.143.0"
      }
    },
    "node_modules/es-module-shims": {
      "version": "1.3.6",
      "resolved": "https://registry.npmjs.org/es-module-shims/-/es-module-shims-1.3.6.tgz",
      "integrity": "sha512-W4Lt+UfaoUYrhzJUaOXYvuDEeWzPwghazTVDE+O5TH49s1zcs/2iRYCgTs5rIbXNADuoED89gtKqZdW9ss4P2Q=="
    },
    "node_modules/three": {
      "version": "0.143.0",
      "resolved": "https://registry.npmjs.org/three/-/three-0.143.0.tgz",
      "integrity": "sha512-oKcAGYHhJ46TGEuHjodo2n6TY2R6lbvrkp+feKZxqsUL/WkH7GKKaeu6RHeyb2Xjfk2dPLRKLsOP0KM2VgT8Zg=="
    }
  },
  "dependencies": {
    "es-module-shims": {
      "version": "1.3.6",
      "resolved": "https://registry.npmjs.org/es-module-shims/-/es-module-shims-1.3.6.tgz",
      "integrity": "sha512-W4Lt+UfaoUYrhzJUaOXYvuDEeWzPwghazTVDE+O5TH49s1zcs/2iRYCgTs5rIbXNADuoED89gtKqZdW9ss4P2Q=="
    },
    "three": {
      "version": "0.143.0",
      "resolved": "https://registry.npmjs.org/three/-/three-0.143.0.tgz",
      "integrity": "sha512-oKcAGYHhJ46TGEuHjodo2n6TY2R6lbvrkp+feKZxqsUL/WkH7GKKaeu6RHeyb2Xjfk2dPLRKLsOP0KM2VgT8Zg=="
    }
  }
}
